// !$*UTF8*$!
{
	archiveVersion = 1;
	classes = {
	};
	objectVersion = 46;
	objects = {

/* Begin PBXBuildFile section */
		1A95BA65144E47660030FC80 /* UIKit.framework in Frameworks */ = {isa = PBXBuildFile; fileRef = 1A95BA64144E47660030FC80 /* UIKit.framework */; };
		1A95BA67144E47660030FC80 /* Foundation.framework in Frameworks */ = {isa = PBXBuildFile; fileRef = 1A95BA66144E47660030FC80 /* Foundation.framework */; };
		1A95BA69144E47660030FC80 /* CoreGraphics.framework in Frameworks */ = {isa = PBXBuildFile; fileRef = 1A95BA68144E47660030FC80 /* CoreGraphics.framework */; };
		1A95BA6F144E47660030FC80 /* InfoPlist.strings in Resources */ = {isa = PBXBuildFile; fileRef = 1A95BA6D144E47660030FC80 /* InfoPlist.strings */; };
		1A95BA71144E47660030FC80 /* main.m in Sources */ = {isa = PBXBuildFile; fileRef = 1A95BA70144E47660030FC80 /* main.m */; };
		1A95BA75144E47660030FC80 /* barAppDelegate.m in Sources */ = {isa = PBXBuildFile; fileRef = 1A95BA74144E47660030FC80 /* barAppDelegate.m */; };
		1A95BA78144E47660030FC80 /* MainWindow.xib in Resources */ = {isa = PBXBuildFile; fileRef = 1A95BA76144E47660030FC80 /* MainWindow.xib */; };
		1A95BA7B144E47660030FC80 /* barViewController.m in Sources */ = {isa = PBXBuildFile; fileRef = 1A95BA7A144E47660030FC80 /* barViewController.m */; };
		1A95BA7E144E47660030FC80 /* barViewController.xib in Resources */ = {isa = PBXBuildFile; fileRef = 1A95BA7C144E47660030FC80 /* barViewController.xib */; };
		1A95BA86144E47660030FC80 /* SenTestingKit.framework in Frameworks */ = {isa = PBXBuildFile; fileRef = 1A95BA85144E47660030FC80 /* SenTestingKit.framework */; };
		1A95BA87144E47660030FC80 /* UIKit.framework in Frameworks */ = {isa = PBXBuildFile; fileRef = 1A95BA64144E47660030FC80 /* UIKit.framework */; };
		1A95BA88144E47660030FC80 /* Foundation.framework in Frameworks */ = {isa = PBXBuildFile; fileRef = 1A95BA66144E47660030FC80 /* Foundation.framework */; };
		1A95BA89144E47660030FC80 /* CoreGraphics.framework in Frameworks */ = {isa = PBXBuildFile; fileRef = 1A95BA68144E47660030FC80 /* CoreGraphics.framework */; };
		1A95BA91144E47660030FC80 /* InfoPlist.strings in Resources */ = {isa = PBXBuildFile; fileRef = 1A95BA8F144E47660030FC80 /* InfoPlist.strings */; };
		1A95BA93144E47660030FC80 /* barTests.h in Resources */ = {isa = PBXBuildFile; fileRef = 1A95BA92144E47660030FC80 /* barTests.h */; };
		1A95BA95144E47660030FC80 /* barTests.m in Sources */ = {isa = PBXBuildFile; fileRef = 1A95BA94144E47660030FC80 /* barTests.m */; };
/* End PBXBuildFile section */

/* Begin PBXContainerItemProxy section */
		1A95BA8A144E47660030FC80 /* PBXContainerItemProxy */ = {
			isa = PBXContainerItemProxy;
			containerPortal = 1A95BA57144E47660030FC80 /* Project object */;
			proxyType = 1;
			remoteGlobalIDString = 1A95BA5F144E47660030FC80;
			remoteInfo = bar;
		};
/* End PBXContainerItemProxy section */

/* Begin PBXFileReference section */
		1A95BA60144E47660030FC80 /* bar.app */ = {isa = PBXFileReference; explicitFileType = wrapper.application; includeInIndex = 0; path = bar.app; sourceTree = BUILT_PRODUCTS_DIR; };
		1A95BA64144E47660030FC80 /* UIKit.framework */ = {isa = PBXFileReference; lastKnownFileType = wrapper.framework; name = UIKit.framework; path = System/Library/Frameworks/UIKit.framework; sourceTree = SDKROOT; };
		1A95BA66144E47660030FC80 /* Foundation.framework */ = {isa = PBXFileReference; lastKnownFileType = wrapper.framework; name = Foundation.framework; path = System/Library/Frameworks/Foundation.framework; sourceTree = SDKROOT; };
		1A95BA68144E47660030FC80 /* CoreGraphics.framework */ = {isa = PBXFileReference; lastKnownFileType = wrapper.framework; name = CoreGraphics.framework; path = System/Library/Frameworks/CoreGraphics.framework; sourceTree = SDKROOT; };
		1A95BA6C144E47660030FC80 /* bar-Info.plist */ = {isa = PBXFileReference; path = "bar-Info.plist"; sourceTree = "<group>"; };
		1A95BA6E144E47660030FC80 /* en */ = {isa = PBXFileReference; lastKnownFileType = text.plist.strings; name = en; path = en.lproj/InfoPlist.strings; sourceTree = "<group>"; };
		1A95BA70144E47660030FC80 /* main.m */ = {isa = PBXFileReference; lastKnownFileType = sourcecode.c.objc; path = main.m; sourceTree = "<group>"; };
		1A95BA72144E47660030FC80 /* bar-Prefix.pch */ = {isa = PBXFileReference; path = "bar-Prefix.pch"; sourceTree = "<group>"; };
		1A95BA73144E47660030FC80 /* barAppDelegate.h */ = {isa = PBXFileReference; path = barAppDelegate.h; sourceTree = "<group>"; };
		1A95BA74144E47660030FC80 /* barAppDelegate.m */ = {isa = PBXFileReference; lastKnownFileType = sourcecode.c.objc; path = barAppDelegate.m; sourceTree = "<group>"; };
		1A95BA77144E47660030FC80 /* en */ = {isa = PBXFileReference; lastKnownFileType = file.xib; name = en; path = en.lproj/MainWindow.xib; sourceTree = "<group>"; };
		1A95BA79144E47660030FC80 /* barViewController.h */ = {isa = PBXFileReference; path = barViewController.h; sourceTree = "<group>"; };
		1A95BA7A144E47660030FC80 /* barViewController.m */ = {isa = PBXFileReference; lastKnownFileType = sourcecode.c.objc; path = barViewController.m; sourceTree = "<group>"; };
		1A95BA7D144E47660030FC80 /* en */ = {isa = PBXFileReference; lastKnownFileType = file.xib; name = en; path = en.lproj/barViewController.xib; sourceTree = "<group>"; };
		1A95BA84144E47660030FC80 /* barTests.octest */ = {isa = PBXFileReference; explicitFileType = wrapper.cfbundle; includeInIndex = 0; path = barTests.octest; sourceTree = BUILT_PRODUCTS_DIR; };
		1A95BA85144E47660030FC80 /* SenTestingKit.framework */ = {isa = PBXFileReference; lastKnownFileType = wrapper.framework; name = SenTestingKit.framework; path = Library/Frameworks/SenTestingKit.framework; sourceTree = DEVELOPER_DIR; };
		1A95BA8E144E47660030FC80 /* barTests-Info.plist */ = {isa = PBXFileReference; path = "barTests-Info.plist"; sourceTree = "<group>"; };
		1A95BA90144E47660030FC80 /* en */ = {isa = PBXFileReference; lastKnownFileType = text.plist.strings; name = en; path = en.lproj/InfoPlist.strings; sourceTree = "<group>"; };
		1A95BA92144E47660030FC80 /* barTests.h */ = {isa = PBXFileReference; lastKnownFileType = sourcecode.c.h; path = barTests.h; sourceTree = "<group>"; };
		1A95BA94144E47660030FC80 /* barTests.m */ = {isa = PBXFileReference; lastKnownFileType = sourcecode.c.objc; path = barTests.m; sourceTree = "<group>"; };
/* End PBXFileReference section */

/* Begin PBXFrameworksBuildPhase section */
		1A95BA5D144E47660030FC80 /* Frameworks */ = {
			isa = PBXFrameworksBuildPhase;
			buildActionMask = 2147483647;
			files = (
				1A95BA65144E47660030FC80 /* UIKit.framework in Frameworks */,
				1A95BA67144E47660030FC80 /* Foundation.framework in Frameworks */,
				1A95BA69144E47660030FC80 /* CoreGraphics.framework in Frameworks */,
			);
			runOnlyForDeploymentPostprocessing = 0;
		};
		1A95BA80144E47660030FC80 /* Frameworks */ = {
			isa = PBXFrameworksBuildPhase;
			buildActionMask = 2147483647;
			files = (
				1A95BA86144E47660030FC80 /* SenTestingKit.framework in Frameworks */,
				1A95BA87144E47660030FC80 /* UIKit.framework in Frameworks */,
				1A95BA88144E47660030FC80 /* Foundation.framework in Frameworks */,
				1A95BA89144E47660030FC80 /* CoreGraphics.framework in Frameworks */,
			);
			runOnlyForDeploymentPostprocessing = 0;
		};
/* End PBXFrameworksBuildPhase section */

/* Begin PBXGroup section */
		1A95BA55144E47660030FC80 = {
			isa = PBXGroup;
			children = (
				1A95BA6A144E47660030FC80 /* bar */,
				1A95BA8C144E47660030FC80 /* barTests */,
				1A95BA63144E47660030FC80 /* Frameworks */,
				1A95BA61144E47660030FC80 /* Products */,
			);
			sourceTree = "<group>";
		};
		1A95BA61144E47660030FC80 /* Products */ = {
			isa = PBXGroup;
			children = (
				1A95BA60144E47660030FC80 /* bar.app */,
				1A95BA84144E47660030FC80 /* barTests.octest */,
			);
			name = Products;
			sourceTree = "<group>";
		};
		1A95BA63144E47660030FC80 /* Frameworks */ = {
			isa = PBXGroup;
			children = (
				1A95BA64144E47660030FC80 /* UIKit.framework */,
				1A95BA66144E47660030FC80 /* Foundation.framework */,
				1A95BA68144E47660030FC80 /* CoreGraphics.framework */,
				1A95BA85144E47660030FC80 /* SenTestingKit.framework */,
			);
			name = Frameworks;
			sourceTree = "<group>";
		};
		1A95BA6A144E47660030FC80 /* bar */ = {
			isa = PBXGroup;
			children = (
				1A95BA73144E47660030FC80 /* barAppDelegate.h */,
				1A95BA74144E47660030FC80 /* barAppDelegate.m */,
				1A95BA76144E47660030FC80 /* MainWindow.xib */,
				1A95BA79144E47660030FC80 /* barViewController.h */,
				1A95BA7A144E47660030FC80 /* barViewController.m */,
				1A95BA7C144E47660030FC80 /* barViewController.xib */,
				1A95BA6B144E47660030FC80 /* Supporting Files */,
			);
			path = bar;
			sourceTree = "<group>";
		};
		1A95BA6B144E47660030FC80 /* Supporting Files */ = {
			isa = PBXGroup;
			children = (
				1A95BA6C144E47660030FC80 /* bar-Info.plist */,
				1A95BA6D144E47660030FC80 /* InfoPlist.strings */,
				1A95BA70144E47660030FC80 /* main.m */,
				1A95BA72144E47660030FC80 /* bar-Prefix.pch */,
			);
			name = "Supporting Files";
			sourceTree = "<group>";
		};
		1A95BA8C144E47660030FC80 /* barTests */ = {
			isa = PBXGroup;
			children = (
				1A95BA92144E47660030FC80 /* barTests.h */,
				1A95BA94144E47660030FC80 /* barTests.m */,
				1A95BA8D144E47660030FC80 /* Supporting Files */,
			);
			path = barTests;
			sourceTree = "<group>";
		};
		1A95BA8D144E47660030FC80 /* Supporting Files */ = {
			isa = PBXGroup;
			children = (
				1A95BA8E144E47660030FC80 /* barTests-Info.plist */,
				1A95BA8F144E47660030FC80 /* InfoPlist.strings */,
			);
			name = "Supporting Files";
			sourceTree = "<group>";
		};
/* End PBXGroup section */

/* Begin PBXNativeTarget section */
		1A95BA5F144E47660030FC80 /* bar */ = {
			isa = PBXNativeTarget;
			buildConfigurationList = 1A95BA98144E47660030FC80 /* Build configuration list for PBXNativeTarget "bar" */;
			buildPhases = (
				1A95BA5C144E47660030FC80 /* Sources */,
				1A95BA5D144E47660030FC80 /* Frameworks */,
				1A95BA5E144E47660030FC80 /* Resources */,
			);
			buildRules = (
			);
			dependencies = (
			);
			name = bar;
			productName = bar;
			productReference = 1A95BA60144E47660030FC80 /* bar.app */;
			productType = "com.apple.product-type.application";
		};
		1A95BA83144E47660030FC80 /* barTests */ = {
			isa = PBXNativeTarget;
			buildConfigurationList = 1A95BA9B144E47660030FC80 /* Build configuration list for PBXNativeTarget "barTests" */;
			buildPhases = (
				1A95BA7F144E47660030FC80 /* Sources */,
				1A95BA80144E47660030FC80 /* Frameworks */,
				1A95BA81144E47660030FC80 /* Resources */,
				1A95BA82144E47660030FC80 /* ShellScript */,
			);
			buildRules = (
			);
			dependencies = (
				1A95BA8B144E47660030FC80 /* PBXTargetDependency */,
			);
			name = barTests;
			productName = barTests;
			productReference = 1A95BA84144E47660030FC80 /* barTests.octest */;
			productType = "com.apple.product-type.bundle";
		};
/* End PBXNativeTarget section */

/* Begin PBXProject section */
		1A95BA57144E47660030FC80 /* Project object */ = {
			isa = PBXProject;
			buildConfigurationList = 1A95BA5A144E47660030FC80 /* Build configuration list for PBXProject "bar" */;
			compatibilityVersion = "Xcode 3.2";
			developmentRegion = English;
			hasScannedForEncodings = 0;
			knownRegions = (
				en,
			);
			mainGroup = 1A95BA55144E47660030FC80;
			productRefGroup = 1A95BA61144E47660030FC80 /* Products */;
			projectDirPath = "";
			projectRoot = "";
			targets = (
				1A95BA5F144E47660030FC80 /* bar */,
				1A95BA83144E47660030FC80 /* barTests */,
			);
		};
/* End PBXProject section */

/* Begin PBXResourcesBuildPhase section */
		1A95BA5E144E47660030FC80 /* Resources */ = {
			isa = PBXResourcesBuildPhase;
			buildActionMask = 2147483647;
			files = (
				1A95BA6F144E47660030FC80 /* InfoPlist.strings in Resources */,
				1A95BA78144E47660030FC80 /* MainWindow.xib in Resources */,
				1A95BA7E144E47660030FC80 /* barViewController.xib in Resources */,
			);
			runOnlyForDeploymentPostprocessing = 0;
		};
		1A95BA81144E47660030FC80 /* Resources */ = {
			isa = PBXResourcesBuildPhase;
			buildActionMask = 2147483647;
			files = (
				1A95BA91144E47660030FC80 /* InfoPlist.strings in Resources */,
				1A95BA93144E47660030FC80 /* barTests.h in Resources */,
			);
			runOnlyForDeploymentPostprocessing = 0;
		};
/* End PBXResourcesBuildPhase section */

/* Begin PBXShellScriptBuildPhase section */
		1A95BA82144E47660030FC80 /* ShellScript */ = {
			isa = PBXShellScriptBuildPhase;
			buildActionMask = 2147483647;
			files = (
			);
			inputPaths = (
			);
			outputPaths = (
			);
			runOnlyForDeploymentPostprocessing = 0;
			shellPath = /bin/sh;
			shellScript = "# Run the unit tests in this test bundle.\n\"${SYSTEM_DEVELOPER_DIR}/Tools/RunUnitTests\"\n";
		};
/* End PBXShellScriptBuildPhase section */

/* Begin PBXSourcesBuildPhase section */
		1A95BA5C144E47660030FC80 /* Sources */ = {
			isa = PBXSourcesBuildPhase;
			buildActionMask = 2147483647;
			files = (
				1A95BA71144E47660030FC80 /* main.m in Sources */,
				1A95BA75144E47660030FC80 /* barAppDelegate.m in Sources */,
				1A95BA7B144E47660030FC80 /* barViewController.m in Sources */,
			);
			runOnlyForDeploymentPostprocessing = 0;
		};
		1A95BA7F144E47660030FC80 /* Sources */ = {
			isa = PBXSourcesBuildPhase;
			buildActionMask = 2147483647;
			files = (
				1A95BA95144E47660030FC80 /* barTests.m in Sources */,
			);
			runOnlyForDeploymentPostprocessing = 0;
		};
/* End PBXSourcesBuildPhase section */

/* Begin PBXTargetDependency section */
		1A95BA8B144E47660030FC80 /* PBXTargetDependency */ = {
			isa = PBXTargetDependency;
			target = 1A95BA5F144E47660030FC80 /* bar */;
			targetProxy = 1A95BA8A144E47660030FC80 /* PBXContainerItemProxy */;
		};
/* End PBXTargetDependency section */

/* Begin PBXVariantGroup section */
		1A95BA6D144E47660030FC80 /* InfoPlist.strings */ = {
			isa = PBXVariantGroup;
			children = (
				1A95BA6E144E47660030FC80 /* en */,
			);
			name = InfoPlist.strings;
			sourceTree = "<group>";
		};
		1A95BA76144E47660030FC80 /* MainWindow.xib */ = {
			isa = PBXVariantGroup;
			children = (
				1A95BA77144E47660030FC80 /* en */,
			);
			name = MainWindow.xib;
			sourceTree = "<group>";
		};
		1A95BA7C144E47660030FC80 /* barViewController.xib */ = {
			isa = PBXVariantGroup;
			children = (
				1A95BA7D144E47660030FC80 /* en */,
			);
			name = barViewController.xib;
			sourceTree = "<group>";
		};
		1A95BA8F144E47660030FC80 /* InfoPlist.strings */ = {
			isa = PBXVariantGroup;
			children = (
				1A95BA90144E47660030FC80 /* en */,
			);
			name = InfoPlist.strings;
			sourceTree = "<group>";
		};
/* End PBXVariantGroup section */

/* Begin XCBuildConfiguration section */
		1A95BA96144E47660030FC80 /* Debug */ = {
			isa = XCBuildConfiguration;
			buildSettings = {
				ALWAYS_SEARCH_USER_PATHS = NO;
				ARCHS = "$(ARCHS_STANDARD_32_BIT)";
				"CODE_SIGN_IDENTITY[sdk=iphoneos*]" = "iPhone Developer";
				COPY_PHASE_STRIP = NO;
				GCC_C_LANGUAGE_STANDARD = gnu99;
				GCC_DYNAMIC_NO_PIC = NO;
				GCC_OPTIMIZATION_LEVEL = 0;
				GCC_PREPROCESSOR_DEFINITIONS = (
					"DEBUG=1",
					"$(inherited)",
				);
				GCC_SYMBOLS_PRIVATE_EXTERN = NO;
				GCC_VERSION = com.apple.compilers.llvmgcc42;
				GCC_WARN_ABOUT_MISSING_PROTOTYPES = YES;
				GCC_WARN_ABOUT_RETURN_TYPE = YES;
				GCC_WARN_UNUSED_VARIABLE = YES;
				IPHONEOS_DEPLOYMENT_TARGET = 4.3;
				SDKROOT = iphoneos;
			};
			name = Debug;
		};
		1A95BA97144E47660030FC80 /* Release */ = {
			isa = XCBuildConfiguration;
			buildSettings = {
				ALWAYS_SEARCH_USER_PATHS = NO;
				ARCHS = "$(ARCHS_STANDARD_32_BIT)";
				"CODE_SIGN_IDENTITY[sdk=iphoneos*]" = "iPhone Developer";
				COPY_PHASE_STRIP = YES;
				GCC_C_LANGUAGE_STANDARD = gnu99;
				GCC_VERSION = com.apple.compilers.llvmgcc42;
				GCC_WARN_ABOUT_MISSING_PROTOTYPES = YES;
				GCC_WARN_ABOUT_RETURN_TYPE = YES;
				GCC_WARN_UNUSED_VARIABLE = YES;
				IPHONEOS_DEPLOYMENT_TARGET = 4.3;
				OTHER_CFLAGS = "-DNS_BLOCK_ASSERTIONS=1";
				SDKROOT = iphoneos;
				VALIDATE_PRODUCT = YES;
			};
			name = Release;
		};
		1A95BA99144E47660030FC80 /* Debug */ = {
			isa = XCBuildConfiguration;
			buildSettings = {
				GCC_PRECOMPILE_PREFIX_HEADER = YES;
				GCC_PREFIX_HEADER = "bar/bar-Prefix.pch";
				INFOPLIST_FILE = "bar/bar-Info.plist";
				PRODUCT_NAME = "$(TARGET_NAME)";
				WRAPPER_EXTENSION = app;
			};
			name = Debug;
		};
		1A95BA9A144E47660030FC80 /* Release */ = {
			isa = XCBuildConfiguration;
			buildSettings = {
				GCC_PRECOMPILE_PREFIX_HEADER = YES;
				GCC_PREFIX_HEADER = "bar/bar-Prefix.pch";
				INFOPLIST_FILE = "bar/bar-Info.plist";
				PRODUCT_NAME = "$(TARGET_NAME)";
				WRAPPER_EXTENSION = app;
			};
			name = Release;
		};
		1A95BA9C144E47660030FC80 /* Debug */ = {
			isa = XCBuildConfiguration;
			buildSettings = {
				BUNDLE_LOADER = "$(BUILT_PRODUCTS_DIR)/bar.app/bar";
				FRAMEWORK_SEARCH_PATHS = (
					"$(SDKROOT)/Developer/Library/Frameworks",
					"$(DEVELOPER_LIBRARY_DIR)/Frameworks",
				);
				GCC_PRECOMPILE_PREFIX_HEADER = YES;
				GCC_PREFIX_HEADER = "bar/bar-Prefix.pch";
				INFOPLIST_FILE = "barTests/barTests-Info.plist";
				PRODUCT_NAME = "$(TARGET_NAME)";
				TEST_HOST = "$(BUNDLE_LOADER)";
				WRAPPER_EXTENSION = octest;
			};
			name = Debug;
		};
		1A95BA9D144E47660030FC80 /* Release */ = {
			isa = XCBuildConfiguration;
			buildSettings = {
				BUNDLE_LOADER = "$(BUILT_PRODUCTS_DIR)/bar.app/bar";
				FRAMEWORK_SEARCH_PATHS = (
					"$(SDKROOT)/Developer/Library/Frameworks",
					"$(DEVELOPER_LIBRARY_DIR)/Frameworks",
				);
				GCC_PRECOMPILE_PREFIX_HEADER = YES;
				GCC_PREFIX_HEADER = "bar/bar-Prefix.pch";
				INFOPLIST_FILE = "barTests/barTests-Info.plist";
				PRODUCT_NAME = "$(TARGET_NAME)";
				TEST_HOST = "$(BUNDLE_LOADER)";
				WRAPPER_EXTENSION = octest;
			};
			name = Release;
		};
/* End XCBuildConfiguration section */

/* Begin XCConfigurationList section */
		1A95BA5A144E47660030FC80 /* Build configuration list for PBXProject "bar" */ = {
			isa = XCConfigurationList;
			buildConfigurations = (
				1A95BA96144E47660030FC80 /* Debug */,
				1A95BA97144E47660030FC80 /* Release */,
			);
			defaultConfigurationIsVisible = 0;
			defaultConfigurationName = Release;
		};
		1A95BA98144E47660030FC80 /* Build configuration list for PBXNativeTarget "bar" */ = {
			isa = XCConfigurationList;
			buildConfigurations = (
				1A95BA99144E47660030FC80 /* Debug */,
				1A95BA9A144E47660030FC80 /* Release */,
			);
			defaultConfigurationIsVisible = 0;
		};
		1A95BA9B144E47660030FC80 /* Build configuration list for PBXNativeTarget "barTests" */ = {
			isa = XCConfigurationList;
			buildConfigurations = (
				1A95BA9C144E47660030FC80 /* Debug */,
				1A95BA9D144E47660030FC80 /* Release */,
			);
			defaultConfigurationIsVisible = 0;
		};
/* End XCConfigurationList section */
	};
	rootObject = 1A95BA57144E47660030FC80 /* Project object */;
}
