// !$*UTF8*$!
{
	archiveVersion = 1;
	classes = {
	};
	objectVersion = 46;
	objects = {

/* Begin PBXBuildFile section */
		1A95BA1C144E40860030FC80 /* UIKit.framework in Frameworks */ = {isa = PBXBuildFile; fileRef = 1A95BA1B144E40860030FC80 /* UIKit.framework */; };
		1A95BA1E144E40860030FC80 /* Foundation.framework in Frameworks */ = {isa = PBXBuildFile; fileRef = 1A95BA1D144E40860030FC80 /* Foundation.framework */; };
		1A95BA20144E40860030FC80 /* CoreGraphics.framework in Frameworks */ = {isa = PBXBuildFile; fileRef = 1A95BA1F144E40860030FC80 /* CoreGraphics.framework */; };
		1A95BA26144E40860030FC80 /* InfoPlist.strings in Resources */ = {isa = PBXBuildFile; fileRef = 1A95BA24144E40860030FC80 /* InfoPlist.strings */; };
		1A95BA28144E40860030FC80 /* main.m in Sources */ = {isa = PBXBuildFile; fileRef = 1A95BA27144E40860030FC80 /* main.m */; };
		1A95BA2C144E40860030FC80 /* fooAppDelegate.m in Sources */ = {isa = PBXBuildFile; fileRef = 1A95BA2B144E40860030FC80 /* fooAppDelegate.m */; };
		1A95BA2F144E40860030FC80 /* MainWindow.xib in Resources */ = {isa = PBXBuildFile; fileRef = 1A95BA2D144E40860030FC80 /* MainWindow.xib */; };
		1A95BA32144E40860030FC80 /* fooViewController.m in Sources */ = {isa = PBXBuildFile; fileRef = 1A95BA31144E40860030FC80 /* fooViewController.m */; };
		1A95BA35144E40860030FC80 /* fooViewController.xib in Resources */ = {isa = PBXBuildFile; fileRef = 1A95BA33144E40860030FC80 /* fooViewController.xib */; };
		1A95BA3D144E40860030FC80 /* SenTestingKit.framework in Frameworks */ = {isa = PBXBuildFile; fileRef = 1A95BA3C144E40860030FC80 /* SenTestingKit.framework */; };
		1A95BA3E144E40860030FC80 /* UIKit.framework in Frameworks */ = {isa = PBXBuildFile; fileRef = 1A95BA1B144E40860030FC80 /* UIKit.framework */; };
		1A95BA3F144E40860030FC80 /* Foundation.framework in Frameworks */ = {isa = PBXBuildFile; fileRef = 1A95BA1D144E40860030FC80 /* Foundation.framework */; };
		1A95BA40144E40860030FC80 /* CoreGraphics.framework in Frameworks */ = {isa = PBXBuildFile; fileRef = 1A95BA1F144E40860030FC80 /* CoreGraphics.framework */; };
		1A95BA48144E40860030FC80 /* InfoPlist.strings in Resources */ = {isa = PBXBuildFile; fileRef = 1A95BA46144E40860030FC80 /* InfoPlist.strings */; };
		1A95BA4A144E40860030FC80 /* fooTests.h in Resources */ = {isa = PBXBuildFile; fileRef = 1A95BA49144E40860030FC80 /* fooTests.h */; };
		1A95BA4C144E40860030FC80 /* fooTests.m in Sources */ = {isa = PBXBuildFile; fileRef = 1A95BA4B144E40860030FC80 /* fooTests.m */; };
/* End PBXBuildFile section */

/* Begin PBXContainerItemProxy section */
		1A95BA41144E40860030FC80 /* PBXContainerItemProxy */ = {
			isa = PBXContainerItemProxy;
			containerPortal = 1A95BA0E144E40860030FC80 /* Project object */;
			proxyType = 1;
			remoteGlobalIDString = 1A95BA16144E40860030FC80;
			remoteInfo = foo;
		};
/* End PBXContainerItemProxy section */

/* Begin PBXFileReference section */
		1A95BA17144E40860030FC80 /* foo.app */ = {isa = PBXFileReference; explicitFileType = wrapper.application; includeInIndex = 0; path = foo.app; sourceTree = BUILT_PRODUCTS_DIR; };
		1A95BA1B144E40860030FC80 /* UIKit.framework */ = {isa = PBXFileReference; lastKnownFileType = wrapper.framework; name = UIKit.framework; path = System/Library/Frameworks/UIKit.framework; sourceTree = SDKROOT; };
		1A95BA1D144E40860030FC80 /* Foundation.framework */ = {isa = PBXFileReference; lastKnownFileType = wrapper.framework; name = Foundation.framework; path = System/Library/Frameworks/Foundation.framework; sourceTree = SDKROOT; };
		1A95BA1F144E40860030FC80 /* CoreGraphics.framework */ = {isa = PBXFileReference; lastKnownFileType = wrapper.framework; name = CoreGraphics.framework; path = System/Library/Frameworks/CoreGraphics.framework; sourceTree = SDKROOT; };
		1A95BA23144E40860030FC80 /* foo-Info.plist */ = {isa = PBXFileReference; path = "foo-Info.plist"; sourceTree = "<group>"; };
		1A95BA25144E40860030FC80 /* en */ = {isa = PBXFileReference; lastKnownFileType = text.plist.strings; name = en; path = en.lproj/InfoPlist.strings; sourceTree = "<group>"; };
		1A95BA27144E40860030FC80 /* main.m */ = {isa = PBXFileReference; lastKnownFileType = sourcecode.c.objc; path = main.m; sourceTree = "<group>"; };
		1A95BA29144E40860030FC80 /* foo-Prefix.pch */ = {isa = PBXFileReference; path = "foo-Prefix.pch"; sourceTree = "<group>"; };
		1A95BA2A144E40860030FC80 /* fooAppDelegate.h */ = {isa = PBXFileReference; path = fooAppDelegate.h; sourceTree = "<group>"; };
		1A95BA2B144E40860030FC80 /* fooAppDelegate.m */ = {isa = PBXFileReference; lastKnownFileType = sourcecode.c.objc; path = fooAppDelegate.m; sourceTree = "<group>"; };
		1A95BA2E144E40860030FC80 /* en */ = {isa = PBXFileReference; lastKnownFileType = file.xib; name = en; path = en.lproj/MainWindow.xib; sourceTree = "<group>"; };
		1A95BA30144E40860030FC80 /* fooViewController.h */ = {isa = PBXFileReference; path = fooViewController.h; sourceTree = "<group>"; };
		1A95BA31144E40860030FC80 /* fooViewController.m */ = {isa = PBXFileReference; lastKnownFileType = sourcecode.c.objc; path = fooViewController.m; sourceTree = "<group>"; };
		1A95BA34144E40860030FC80 /* en */ = {isa = PBXFileReference; lastKnownFileType = file.xib; name = en; path = en.lproj/fooViewController.xib; sourceTree = "<group>"; };
		1A95BA3B144E40860030FC80 /* fooTests.octest */ = {isa = PBXFileReference; explicitFileType = wrapper.cfbundle; includeInIndex = 0; path = fooTests.octest; sourceTree = BUILT_PRODUCTS_DIR; };
		1A95BA3C144E40860030FC80 /* SenTestingKit.framework */ = {isa = PBXFileReference; lastKnownFileType = wrapper.framework; name = SenTestingKit.framework; path = Library/Frameworks/SenTestingKit.framework; sourceTree = DEVELOPER_DIR; };
		1A95BA45144E40860030FC80 /* fooTests-Info.plist */ = {isa = PBXFileReference; path = "fooTests-Info.plist"; sourceTree = "<group>"; };
		1A95BA47144E40860030FC80 /* en */ = {isa = PBXFileReference; lastKnownFileType = text.plist.strings; name = en; path = en.lproj/InfoPlist.strings; sourceTree = "<group>"; };
		1A95BA49144E40860030FC80 /* fooTests.h */ = {isa = PBXFileReference; lastKnownFileType = sourcecode.c.h; path = fooTests.h; sourceTree = "<group>"; };
		1A95BA4B144E40860030FC80 /* fooTests.m */ = {isa = PBXFileReference; lastKnownFileType = sourcecode.c.objc; path = fooTests.m; sourceTree = "<group>"; };
/* End PBXFileReference section */

/* Begin PBXFrameworksBuildPhase section */
		1A95BA14144E40860030FC80 /* Frameworks */ = {
			isa = PBXFrameworksBuildPhase;
			buildActionMask = 2147483647;
			files = (
				1A95BA1C144E40860030FC80 /* UIKit.framework in Frameworks */,
				1A95BA1E144E40860030FC80 /* Foundation.framework in Frameworks */,
				1A95BA20144E40860030FC80 /* CoreGraphics.framework in Frameworks */,
			);
			runOnlyForDeploymentPostprocessing = 0;
		};
		1A95BA37144E40860030FC80 /* Frameworks */ = {
			isa = PBXFrameworksBuildPhase;
			buildActionMask = 2147483647;
			files = (
				1A95BA3D144E40860030FC80 /* SenTestingKit.framework in Frameworks */,
				1A95BA3E144E40860030FC80 /* UIKit.framework in Frameworks */,
				1A95BA3F144E40860030FC80 /* Foundation.framework in Frameworks */,
				1A95BA40144E40860030FC80 /* CoreGraphics.framework in Frameworks */,
			);
			runOnlyForDeploymentPostprocessing = 0;
		};
/* End PBXFrameworksBuildPhase section */

/* Begin PBXGroup section */
		1A95BA0C144E40860030FC80 = {
			isa = PBXGroup;
			children = (
				1A95BA21144E40860030FC80 /* foo */,
				1A95BA43144E40860030FC80 /* fooTests */,
				1A95BA1A144E40860030FC80 /* Frameworks */,
				1A95BA18144E40860030FC80 /* Products */,
			);
			sourceTree = "<group>";
		};
		1A95BA18144E40860030FC80 /* Products */ = {
			isa = PBXGroup;
			children = (
				1A95BA17144E40860030FC80 /* foo.app */,
				1A95BA3B144E40860030FC80 /* fooTests.octest */,
			);
			name = Products;
			sourceTree = "<group>";
		};
		1A95BA1A144E40860030FC80 /* Frameworks */ = {
			isa = PBXGroup;
			children = (
				1A95BA1B144E40860030FC80 /* UIKit.framework */,
				1A95BA1D144E40860030FC80 /* Foundation.framework */,
				1A95BA1F144E40860030FC80 /* CoreGraphics.framework */,
				1A95BA3C144E40860030FC80 /* SenTestingKit.framework */,
			);
			name = Frameworks;
			sourceTree = "<group>";
		};
		1A95BA21144E40860030FC80 /* foo */ = {
			isa = PBXGroup;
			children = (
				1A95BA2A144E40860030FC80 /* fooAppDelegate.h */,
				1A95BA2B144E40860030FC80 /* fooAppDelegate.m */,
				1A95BA2D144E40860030FC80 /* MainWindow.xib */,
				1A95BA30144E40860030FC80 /* fooViewController.h */,
				1A95BA31144E40860030FC80 /* fooViewController.m */,
				1A95BA33144E40860030FC80 /* fooViewController.xib */,
				1A95BA22144E40860030FC80 /* Supporting Files */,
			);
			path = foo;
			sourceTree = "<group>";
		};
		1A95BA22144E40860030FC80 /* Supporting Files */ = {
			isa = PBXGroup;
			children = (
				1A95BA23144E40860030FC80 /* foo-Info.plist */,
				1A95BA24144E40860030FC80 /* InfoPlist.strings */,
				1A95BA27144E40860030FC80 /* main.m */,
				1A95BA29144E40860030FC80 /* foo-Prefix.pch */,
			);
			name = "Supporting Files";
			sourceTree = "<group>";
		};
		1A95BA43144E40860030FC80 /* fooTests */ = {
			isa = PBXGroup;
			children = (
				1A95BA49144E40860030FC80 /* fooTests.h */,
				1A95BA4B144E40860030FC80 /* fooTests.m */,
				1A95BA44144E40860030FC80 /* Supporting Files */,
			);
			path = fooTests;
			sourceTree = "<group>";
		};
		1A95BA44144E40860030FC80 /* Supporting Files */ = {
			isa = PBXGroup;
			children = (
				1A95BA45144E40860030FC80 /* fooTests-Info.plist */,
				1A95BA46144E40860030FC80 /* InfoPlist.strings */,
			);
			name = "Supporting Files";
			sourceTree = "<group>";
		};
/* End PBXGroup section */

/* Begin PBXNativeTarget section */
		1A95BA16144E40860030FC80 /* foo */ = {
			isa = PBXNativeTarget;
			buildConfigurationList = 1A95BA4F144E40860030FC80 /* Build configuration list for PBXNativeTarget "foo" */;
			buildPhases = (
				1A95BA13144E40860030FC80 /* Sources */,
				1A95BA14144E40860030FC80 /* Frameworks */,
				1A95BA15144E40860030FC80 /* Resources */,
			);
			buildRules = (
			);
			dependencies = (
			);
			name = foo;
			productName = foo;
			productReference = 1A95BA17144E40860030FC80 /* foo.app */;
			productType = "com.apple.product-type.application";
		};
		1A95BA3A144E40860030FC80 /* fooTests */ = {
			isa = PBXNativeTarget;
			buildConfigurationList = 1A95BA52144E40860030FC80 /* Build configuration list for PBXNativeTarget "fooTests" */;
			buildPhases = (
				1A95BA36144E40860030FC80 /* Sources */,
				1A95BA37144E40860030FC80 /* Frameworks */,
				1A95BA38144E40860030FC80 /* Resources */,
				1A95BA39144E40860030FC80 /* ShellScript */,
			);
			buildRules = (
			);
			dependencies = (
				1A95BA42144E40860030FC80 /* PBXTargetDependency */,
			);
			name = fooTests;
			productName = fooTests;
			productReference = 1A95BA3B144E40860030FC80 /* fooTests.octest */;
			productType = "com.apple.product-type.bundle";
		};
/* End PBXNativeTarget section */

/* Begin PBXProject section */
		1A95BA0E144E40860030FC80 /* Project object */ = {
			isa = PBXProject;
			buildConfigurationList = 1A95BA11144E40860030FC80 /* Build configuration list for PBXProject "foo" */;
			compatibilityVersion = "Xcode 3.2";
			developmentRegion = English;
			hasScannedForEncodings = 0;
			knownRegions = (
				en,
			);
			mainGroup = 1A95BA0C144E40860030FC80;
			productRefGroup = 1A95BA18144E40860030FC80 /* Products */;
			projectDirPath = "";
			projectRoot = "";
			targets = (
				1A95BA16144E40860030FC80 /* foo */,
				1A95BA3A144E40860030FC80 /* fooTests */,
			);
		};
/* End PBXProject section */

/* Begin PBXResourcesBuildPhase section */
		1A95BA15144E40860030FC80 /* Resources */ = {
			isa = PBXResourcesBuildPhase;
			buildActionMask = 2147483647;
			files = (
				1A95BA26144E40860030FC80 /* InfoPlist.strings in Resources */,
				1A95BA2F144E40860030FC80 /* MainWindow.xib in Resources */,
				1A95BA35144E40860030FC80 /* fooViewController.xib in Resources */,
			);
			runOnlyForDeploymentPostprocessing = 0;
		};
		1A95BA38144E40860030FC80 /* Resources */ = {
			isa = PBXResourcesBuildPhase;
			buildActionMask = 2147483647;
			files = (
				1A95BA48144E40860030FC80 /* InfoPlist.strings in Resources */,
				1A95BA4A144E40860030FC80 /* fooTests.h in Resources */,
			);
			runOnlyForDeploymentPostprocessing = 0;
		};
/* End PBXResourcesBuildPhase section */

/* Begin PBXShellScriptBuildPhase section */
		1A95BA39144E40860030FC80 /* ShellScript */ = {
			isa = PBXShellScriptBuildPhase;
			buildActionMask = 2147483647;
			files = (
			);
			inputPaths = (
			);
			outputPaths = (
			);
			runOnlyForDeploymentPostprocessing = 0;
			shellPath = /bin/sh;
			shellScript = "# Run the unit tests in this test bundle.\n\"${SYSTEM_DEVELOPER_DIR}/Tools/RunUnitTests\"\n";
		};
/* End PBXShellScriptBuildPhase section */

/* Begin PBXSourcesBuildPhase section */
		1A95BA13144E40860030FC80 /* Sources */ = {
			isa = PBXSourcesBuildPhase;
			buildActionMask = 2147483647;
			files = (
				1A95BA28144E40860030FC80 /* main.m in Sources */,
				1A95BA2C144E40860030FC80 /* fooAppDelegate.m in Sources */,
				1A95BA32144E40860030FC80 /* fooViewController.m in Sources */,
			);
			runOnlyForDeploymentPostprocessing = 0;
		};
		1A95BA36144E40860030FC80 /* Sources */ = {
			isa = PBXSourcesBuildPhase;
			buildActionMask = 2147483647;
			files = (
				1A95BA4C144E40860030FC80 /* fooTests.m in Sources */,
			);
			runOnlyForDeploymentPostprocessing = 0;
		};
/* End PBXSourcesBuildPhase section */

/* Begin PBXTargetDependency section */
		1A95BA42144E40860030FC80 /* PBXTargetDependency */ = {
			isa = PBXTargetDependency;
			target = 1A95BA16144E40860030FC80 /* foo */;
			targetProxy = 1A95BA41144E40860030FC80 /* PBXContainerItemProxy */;
		};
/* End PBXTargetDependency section */

/* Begin PBXVariantGroup section */
		1A95BA24144E40860030FC80 /* InfoPlist.strings */ = {
			isa = PBXVariantGroup;
			children = (
				1A95BA25144E40860030FC80 /* en */,
			);
			name = InfoPlist.strings;
			sourceTree = "<group>";
		};
		1A95BA2D144E40860030FC80 /* MainWindow.xib */ = {
			isa = PBXVariantGroup;
			children = (
				1A95BA2E144E40860030FC80 /* en */,
			);
			name = MainWindow.xib;
			sourceTree = "<group>";
		};
		1A95BA33144E40860030FC80 /* fooViewController.xib */ = {
			isa = PBXVariantGroup;
			children = (
				1A95BA34144E40860030FC80 /* en */,
			);
			name = fooViewController.xib;
			sourceTree = "<group>";
		};
		1A95BA46144E40860030FC80 /* InfoPlist.strings */ = {
			isa = PBXVariantGroup;
			children = (
				1A95BA47144E40860030FC80 /* en */,
			);
			name = InfoPlist.strings;
			sourceTree = "<group>";
		};
/* End PBXVariantGroup section */

/* Begin XCBuildConfiguration section */
		1A95BA4D144E40860030FC80 /* Debug */ = {
			isa = XCBuildConfiguration;
			buildSettings = {
				ALWAYS_SEARCH_USER_PATHS = NO;
				ARCHS = "$(ARCHS_STANDARD_32_BIT)";
				"CODE_SIGN_IDENTITY[sdk=iphoneos*]" = "iPhone Developer";
				COPY_PHASE_STRIP = NO;
				GCC_C_LANGUAGE_STANDARD = gnu99;
				GCC_DYNAMIC_NO_PIC = NO;
				GCC_OPTIMIZATION_LEVEL = 0;
				GCC_PREPROCESSOR_DEFINITIONS = (
					"DEBUG=1",
					"$(inherited)",
				);
				GCC_SYMBOLS_PRIVATE_EXTERN = NO;
				GCC_VERSION = com.apple.compilers.llvmgcc42;
				GCC_WARN_ABOUT_MISSING_PROTOTYPES = YES;
				GCC_WARN_ABOUT_RETURN_TYPE = YES;
				GCC_WARN_UNUSED_VARIABLE = YES;
				IPHONEOS_DEPLOYMENT_TARGET = 4.3;
				SDKROOT = iphoneos;
			};
			name = Debug;
		};
		1A95BA4E144E40860030FC80 /* Release */ = {
			isa = XCBuildConfiguration;
			buildSettings = {
				ALWAYS_SEARCH_USER_PATHS = NO;
				ARCHS = "$(ARCHS_STANDARD_32_BIT)";
				"CODE_SIGN_IDENTITY[sdk=iphoneos*]" = "iPhone Developer";
				COPY_PHASE_STRIP = YES;
				GCC_C_LANGUAGE_STANDARD = gnu99;
				GCC_VERSION = com.apple.compilers.llvmgcc42;
				GCC_WARN_ABOUT_MISSING_PROTOTYPES = YES;
				GCC_WARN_ABOUT_RETURN_TYPE = YES;
				GCC_WARN_UNUSED_VARIABLE = YES;
				IPHONEOS_DEPLOYMENT_TARGET = 4.3;
				OTHER_CFLAGS = "-DNS_BLOCK_ASSERTIONS=1";
				SDKROOT = iphoneos;
				VALIDATE_PRODUCT = YES;
			};
			name = Release;
		};
		1A95BA50144E40860030FC80 /* Debug */ = {
			isa = XCBuildConfiguration;
			buildSettings = {
				GCC_PRECOMPILE_PREFIX_HEADER = YES;
				GCC_PREFIX_HEADER = "foo/foo-Prefix.pch";
				INFOPLIST_FILE = "foo/foo-Info.plist";
				PRODUCT_NAME = "$(TARGET_NAME)";
				WRAPPER_EXTENSION = app;
			};
			name = Debug;
		};
		1A95BA51144E40860030FC80 /* Release */ = {
			isa = XCBuildConfiguration;
			buildSettings = {
				GCC_PRECOMPILE_PREFIX_HEADER = YES;
				GCC_PREFIX_HEADER = "foo/foo-Prefix.pch";
				INFOPLIST_FILE = "foo/foo-Info.plist";
				PRODUCT_NAME = "$(TARGET_NAME)";
				WRAPPER_EXTENSION = app;
			};
			name = Release;
		};
		1A95BA53144E40860030FC80 /* Debug */ = {
			isa = XCBuildConfiguration;
			buildSettings = {
				BUNDLE_LOADER = "$(BUILT_PRODUCTS_DIR)/foo.app/foo";
				FRAMEWORK_SEARCH_PATHS = (
					"$(SDKROOT)/Developer/Library/Frameworks",
					"$(DEVELOPER_LIBRARY_DIR)/Frameworks",
				);
				GCC_PRECOMPILE_PREFIX_HEADER = YES;
				GCC_PREFIX_HEADER = "foo/foo-Prefix.pch";
				INFOPLIST_FILE = "fooTests/fooTests-Info.plist";
				PRODUCT_NAME = "$(TARGET_NAME)";
				TEST_HOST = "$(BUNDLE_LOADER)";
				WRAPPER_EXTENSION = octest;
			};
			name = Debug;
		};
		1A95BA54144E40860030FC80 /* Release */ = {
			isa = XCBuildConfiguration;
			buildSettings = {
				BUNDLE_LOADER = "$(BUILT_PRODUCTS_DIR)/foo.app/foo";
				FRAMEWORK_SEARCH_PATHS = (
					"$(SDKROOT)/Developer/Library/Frameworks",
					"$(DEVELOPER_LIBRARY_DIR)/Frameworks",
				);
				GCC_PRECOMPILE_PREFIX_HEADER = YES;
				GCC_PREFIX_HEADER = "foo/foo-Prefix.pch";
				INFOPLIST_FILE = "fooTests/fooTests-Info.plist";
				PRODUCT_NAME = "$(TARGET_NAME)";
				TEST_HOST = "$(BUNDLE_LOADER)";
				WRAPPER_EXTENSION = octest;
			};
			name = Release;
		};
/* End XCBuildConfiguration section */

/* Begin XCConfigurationList section */
		1A95BA11144E40860030FC80 /* Build configuration list for PBXProject "foo" */ = {
			isa = XCConfigurationList;
			buildConfigurations = (
				1A95BA4D144E40860030FC80 /* Debug */,
				1A95BA4E144E40860030FC80 /* Release */,
			);
			defaultConfigurationIsVisible = 0;
			defaultConfigurationName = Release;
		};
		1A95BA4F144E40860030FC80 /* Build configuration list for PBXNativeTarget "foo" */ = {
			isa = XCConfigurationList;
			buildConfigurations = (
				1A95BA50144E40860030FC80 /* Debug */,
				1A95BA51144E40860030FC80 /* Release */,
			);
			defaultConfigurationIsVisible = 0;
		};
		1A95BA52144E40860030FC80 /* Build configuration list for PBXNativeTarget "fooTests" */ = {
			isa = XCConfigurationList;
			buildConfigurations = (
				1A95BA53144E40860030FC80 /* Debug */,
				1A95BA54144E40860030FC80 /* Release */,
			);
			defaultConfigurationIsVisible = 0;
		};
/* End XCConfigurationList section */
	};
	rootObject = 1A95BA0E144E40860030FC80 /* Project object */;
}
